
Microsoft Visual Studio Solution File, Format Version 12.00
# Visual Studio Version 17
VisualStudioVersion = 17.3.32901.215
MinimumVisualStudioVersion = 10.0.40219.1
Project("{9A19103F-16F7-4668-BE54-9A1E7A4F7556}") = "NHL", "NHL\NHL.csproj", "{EAFCB7B3-1817-4BCE-B5FE-62723603143D}"
EndProject
Project("{2150E333-8FDC-42A3-9474-1A3956D46DE8}") = "Solution Items", "Solution Items", "{D94DD04A-4B89-40F2-8A37-C8C3756C1E42}"
	ProjectSection(SolutionItems) = preProject
		..\..\NHL\NHLTemplate.xlsx = ..\..\NHL\NHLTemplate.xlsx
	EndProjectSection
EndProject
Global
	GlobalSection(SolutionConfigurationPlatforms) = preSolution
		Debug|Any CPU = Debug|Any CPU
		Release|Any CPU = Release|Any CPU
	EndGlobalSection
	GlobalSection(ProjectConfigurationPlatforms) = postSolution
		{EAFCB7B3-1817-4BCE-B5FE-62723603143D}.Debug|Any CPU.ActiveCfg = Debug|Any CPU
		{EAFCB7B3-1817-4BCE-B5FE-62723603143D}.Debug|Any CPU.Build.0 = Debug|Any CPU
		{EAFCB7B3-1817-4BCE-B5FE-62723603143D}.Release|Any CPU.ActiveCfg = Release|Any CPU
		{EAFCB7B3-1817-4BCE-B5FE-62723603143D}.Release|Any CPU.Build.0 = Release|Any CPU
	EndGlobalSection
	GlobalSection(SolutionProperties) = preSolution
		HideSolutionNode = FALSE
	EndGlobalSection
	GlobalSection(ExtensibilityGlobals) = postSolution
		SolutionGuid = {26F47E10-E821-40B9-B850-144DA027DED4}
	EndGlobalSection
EndGlobal
